
Microsoft Visual Studio Solution File, Format Version 12.00
# Visual Studio 15
VisualStudioVersion = 15.0.27130.2027
MinimumVisualStudioVersion = 10.0.40219.1
Project("{FAE04EC0-301F-11D3-BF4B-00C04F79EFBC}") = "MVCManukauTech", "MVCManukauTech\MVCManukauTech.csproj", "{1C7B4C22-E70E-4F05-8D2D-E45405F3D8E8}"
EndProject
Global
	GlobalSection(SolutionConfigurationPlatforms) = preSolution
		Debug|Any CPU = Debug|Any CPU
		Release|Any CPU = Release|Any CPU
	EndGlobalSection
	GlobalSection(ProjectConfigurationPlatforms) = postSolution
		{1C7B4C22-E70E-4F05-8D2D-E45405F3D8E8}.Debug|Any CPU.ActiveCfg = Debug|Any CPU
		{1C7B4C22-E70E-4F05-8D2D-E45405F3D8E8}.Debug|Any CPU.Build.0 = Debug|Any CPU
		{1C7B4C22-E70E-4F05-8D2D-E45405F3D8E8}.Release|Any CPU.ActiveCfg = Release|Any CPU
		{1C7B4C22-E70E-4F05-8D2D-E45405F3D8E8}.Release|Any CPU.Build.0 = Release|Any CPU
	EndGlobalSection
	GlobalSection(SolutionProperties) = preSolution
		HideSolutionNode = FALSE
	EndGlobalSection
	GlobalSection(ExtensibilityGlobals) = postSolution
		SolutionGuid = {617FA851-8F64-4FEC-91F9-BA1453264165}
	EndGlobalSection
EndGlobal
